
Microsoft Visual Studio Solution File, Format Version 12.00
# Visual Studio 14
VisualStudioVersion = 14.0.25420.1
MinimumVisualStudioVersion = 10.0.40219.1
Project("{FAE04EC0-301F-11D3-BF4B-00C04F79EFBC}") = "Diamond.Storage", "Diamond.Storage\Diamond.Storage.csproj", "{B0E674FD-B179-4290-8D34-1F9D074B281A}"
EndProject
Project("{FAE04EC0-301F-11D3-BF4B-00C04F79EFBC}") = "DiamondTest", "DiamondTest\DiamondTest.csproj", "{801C7A4A-7591-49B4-996E-5C6344531F2A}"
EndProject
Project("{FAE04EC0-301F-11D3-BF4B-00C04F79EFBC}") = "Diamond", "Diamond\Diamond.csproj", "{F5ADC49E-BA1D-42C0-93D4-6F10B6A672EB}"
EndProject
Global
	GlobalSection(SolutionConfigurationPlatforms) = preSolution
		Debug|Any CPU = Debug|Any CPU
		Debug|x64 = Debug|x64
		Release|Any CPU = Release|Any CPU
		Release|x64 = Release|x64
	EndGlobalSection
	GlobalSection(ProjectConfigurationPlatforms) = postSolution
		{B0E674FD-B179-4290-8D34-1F9D074B281A}.Debug|Any CPU.ActiveCfg = Debug|Any CPU
		{B0E674FD-B179-4290-8D34-1F9D074B281A}.Debug|Any CPU.Build.0 = Debug|Any CPU
		{B0E674FD-B179-4290-8D34-1F9D074B281A}.Debug|x64.ActiveCfg = Debug|x64
		{B0E674FD-B179-4290-8D34-1F9D074B281A}.Debug|x64.Build.0 = Debug|x64
		{B0E674FD-B179-4290-8D34-1F9D074B281A}.Release|Any CPU.ActiveCfg = Release|Any CPU
		{B0E674FD-B179-4290-8D34-1F9D074B281A}.Release|Any CPU.Build.0 = Release|Any CPU
		{B0E674FD-B179-4290-8D34-1F9D074B281A}.Release|x64.ActiveCfg = Release|x64
		{B0E674FD-B179-4290-8D34-1F9D074B281A}.Release|x64.Build.0 = Release|x64
		{801C7A4A-7591-49B4-996E-5C6344531F2A}.Debug|Any CPU.ActiveCfg = Debug|Any CPU
		{801C7A4A-7591-49B4-996E-5C6344531F2A}.Debug|Any CPU.Build.0 = Debug|Any CPU
		{801C7A4A-7591-49B4-996E-5C6344531F2A}.Debug|x64.ActiveCfg = Debug|x64
		{801C7A4A-7591-49B4-996E-5C6344531F2A}.Debug|x64.Build.0 = Debug|x64
		{801C7A4A-7591-49B4-996E-5C6344531F2A}.Release|Any CPU.ActiveCfg = Release|Any CPU
		{801C7A4A-7591-49B4-996E-5C6344531F2A}.Release|Any CPU.Build.0 = Release|Any CPU
		{801C7A4A-7591-49B4-996E-5C6344531F2A}.Release|x64.ActiveCfg = Release|x64
		{801C7A4A-7591-49B4-996E-5C6344531F2A}.Release|x64.Build.0 = Release|x64
		{F5ADC49E-BA1D-42C0-93D4-6F10B6A672EB}.Debug|Any CPU.ActiveCfg = Debug|Any CPU
		{F5ADC49E-BA1D-42C0-93D4-6F10B6A672EB}.Debug|Any CPU.Build.0 = Debug|Any CPU
		{F5ADC49E-BA1D-42C0-93D4-6F10B6A672EB}.Debug|x64.ActiveCfg = Debug|x64
		{F5ADC49E-BA1D-42C0-93D4-6F10B6A672EB}.Debug|x64.Build.0 = Debug|x64
		{F5ADC49E-BA1D-42C0-93D4-6F10B6A672EB}.Release|Any CPU.ActiveCfg = Release|Any CPU
		{F5ADC49E-BA1D-42C0-93D4-6F10B6A672EB}.Release|Any CPU.Build.0 = Release|Any CPU
		{F5ADC49E-BA1D-42C0-93D4-6F10B6A672EB}.Release|x64.ActiveCfg = Release|x64
		{F5ADC49E-BA1D-42C0-93D4-6F10B6A672EB}.Release|x64.Build.0 = Release|x64
	EndGlobalSection
	GlobalSection(SolutionProperties) = preSolution
		HideSolutionNode = FALSE
	EndGlobalSection
EndGlobal
